{
  "version": 4,
  "terraform_version": "1.3.7",
  "serial": 1,
  "lineage": "dd434466-1447-4a44-0a62-77dbcd36ce23",
  "outputs": {
    "aws_autoscaling_group_tfer--eks-test-eks-nodegroup-fcc3083b-10d5-a023-fdec-0a00f3afd62c_id": {
      "value": "eks-test-eks-nodegroup-fcc3083b-10d5-a023-fdec-0a00f3afd62c",
      "type": "string"
    },
    "aws_launch_template_tfer--eks-fcc3083b-10d5-a023-fdec-0a00f3afd62c_id": {
      "value": "lt-045456a4c4b77a3c6",
      "type": "string"
    }
  },
  "resources": [
    {
      "mode": "managed",
      "type": "aws_autoscaling_group",
      "name": "tfer--eks-test-eks-nodegroup-fcc3083b-10d5-a023-fdec-0a00f3afd62c",
      "provider": "provider[\"registry.terraform.io/-/aws\"]",
      "instances": [
        {
          "schema_version": 0,
          "attributes_flat": {
            "arn": "arn:aws:autoscaling:ap-northeast-2:667994629779:autoScalingGroup:d62e0b09-3105-489b-a51c-35692df9b977:autoScalingGroupName/eks-test-eks-nodegroup-fcc3083b-10d5-a023-fdec-0a00f3afd62c",
            "availability_zones.#": "2",
            "availability_zones.0": "ap-northeast-2a",
            "availability_zones.1": "ap-northeast-2c",
            "capacity_rebalance": "true",
            "context": "",
            "default_cooldown": "300",
            "default_instance_warmup": "0",
            "desired_capacity": "2",
            "desired_capacity_type": "",
            "enabled_metrics.#": "0",
            "force_delete": "false",
            "health_check_grace_period": "15",
            "health_check_type": "EC2",
            "id": "eks-test-eks-nodegroup-fcc3083b-10d5-a023-fdec-0a00f3afd62c",
            "launch_configuration": "",
            "launch_template.#": "0",
            "load_balancers.#": "0",
            "max_instance_lifetime": "0",
            "max_size": "3",
            "metrics_granularity": "1Minute",
            "min_size": "1",
            "mixed_instances_policy.#": "1",
            "mixed_instances_policy.0.instances_distribution.#": "1",
            "mixed_instances_policy.0.instances_distribution.0.on_demand_allocation_strategy": "prioritized",
            "mixed_instances_policy.0.instances_distribution.0.on_demand_base_capacity": "0",
            "mixed_instances_policy.0.instances_distribution.0.on_demand_percentage_above_base_capacity": "100",
            "mixed_instances_policy.0.instances_distribution.0.spot_allocation_strategy": "lowest-price",
            "mixed_instances_policy.0.instances_distribution.0.spot_instance_pools": "2",
            "mixed_instances_policy.0.instances_distribution.0.spot_max_price": "",
            "mixed_instances_policy.0.launch_template.#": "1",
            "mixed_instances_policy.0.launch_template.0.launch_template_specification.#": "1",
            "mixed_instances_policy.0.launch_template.0.launch_template_specification.0.launch_template_id": "lt-045456a4c4b77a3c6",
            "mixed_instances_policy.0.launch_template.0.launch_template_specification.0.launch_template_name": "eks-fcc3083b-10d5-a023-fdec-0a00f3afd62c",
            "mixed_instances_policy.0.launch_template.0.launch_template_specification.0.version": "1",
            "mixed_instances_policy.0.launch_template.0.override.#": "1",
            "mixed_instances_policy.0.launch_template.0.override.0.instance_requirements.#": "0",
            "mixed_instances_policy.0.launch_template.0.override.0.instance_type": "t3a.medium",
            "mixed_instances_policy.0.launch_template.0.override.0.launch_template_specification.#": "0",
            "mixed_instances_policy.0.launch_template.0.override.0.weighted_capacity": "",
            "name": "eks-test-eks-nodegroup-fcc3083b-10d5-a023-fdec-0a00f3afd62c",
            "name_prefix": "",
            "placement_group": "",
            "protect_from_scale_in": "false",
            "service_linked_role_arn": "arn:aws:iam::667994629779:role/aws-service-role/autoscaling.amazonaws.com/AWSServiceRoleForAutoScaling",
            "suspended_processes.#": "0",
            "tag.#": "5",
            "tag.0.key": "eks:cluster-name",
            "tag.0.propagate_at_launch": "true",
            "tag.0.value": "test-eks-cluster",
            "tag.1.key": "eks:nodegroup-name",
            "tag.1.propagate_at_launch": "true",
            "tag.1.value": "test-eks-nodegroup",
            "tag.2.key": "k8s.io/cluster-autoscaler/enabled",
            "tag.2.propagate_at_launch": "true",
            "tag.2.value": "true",
            "tag.3.key": "k8s.io/cluster-autoscaler/test-eks-cluster",
            "tag.3.propagate_at_launch": "true",
            "tag.3.value": "owned",
            "tag.4.key": "kubernetes.io/cluster/test-eks-cluster",
            "tag.4.propagate_at_launch": "true",
            "tag.4.value": "owned",
            "target_group_arns.#": "0",
            "termination_policies.#": "3",
            "termination_policies.0": "AllocationStrategy",
            "termination_policies.1": "OldestLaunchTemplate",
            "termination_policies.2": "OldestInstance",
            "vpc_zone_identifier.#": "2",
            "vpc_zone_identifier.0": "subnet-0453ecb84ca59bd5e",
            "vpc_zone_identifier.1": "subnet-0b58d1adb0e630c50",
            "wait_for_capacity_timeout": "10m",
            "warm_pool.#": "0"
          },
          "sensitive_attributes": []
        }
      ]
    },
    {
      "mode": "managed",
      "type": "aws_launch_template",
      "name": "tfer--eks-fcc3083b-10d5-a023-fdec-0a00f3afd62c",
      "provider": "provider[\"registry.terraform.io/-/aws\"]",
      "instances": [
        {
          "schema_version": 0,
          "attributes_flat": {
            "arn": "arn:aws:ec2:ap-northeast-2:667994629779:launch-template/lt-045456a4c4b77a3c6",
            "block_device_mappings.#": "1",
            "block_device_mappings.0.device_name": "/dev/xvda",
            "block_device_mappings.0.ebs.#": "1",
            "block_device_mappings.0.ebs.0.delete_on_termination": "true",
            "block_device_mappings.0.ebs.0.encrypted": "",
            "block_device_mappings.0.ebs.0.iops": "0",
            "block_device_mappings.0.ebs.0.kms_key_id": "",
            "block_device_mappings.0.ebs.0.snapshot_id": "",
            "block_device_mappings.0.ebs.0.throughput": "0",
            "block_device_mappings.0.ebs.0.volume_size": "20",
            "block_device_mappings.0.ebs.0.volume_type": "gp2",
            "block_device_mappings.0.no_device": "",
            "block_device_mappings.0.virtual_name": "",
            "capacity_reservation_specification.#": "0",
            "cpu_options.#": "0",
            "default_version": "1",
            "description": "",
            "disable_api_stop": "false",
            "disable_api_termination": "false",
            "ebs_optimized": "",
            "elastic_gpu_specifications.#": "0",
            "elastic_inference_accelerator.#": "0",
            "enclave_options.#": "0",
            "hibernation_options.#": "0",
            "iam_instance_profile.#": "1",
            "iam_instance_profile.0.arn": "",
            "iam_instance_profile.0.name": "eks-fcc3083b-10d5-a023-fdec-0a00f3afd62c",
            "id": "lt-045456a4c4b77a3c6",
            "image_id": "ami-085514de289e14cb5",
            "instance_initiated_shutdown_behavior": "",
            "instance_market_options.#": "0",
            "instance_requirements.#": "0",
            "instance_type": "t3a.medium",
            "kernel_id": "",
            "key_name": "",
            "latest_version": "1",
            "license_specification.#": "0",
            "maintenance_options.#": "0",
            "metadata_options.#": "1",
            "metadata_options.0.http_endpoint": "",
            "metadata_options.0.http_protocol_ipv6": "",
            "metadata_options.0.http_put_response_hop_limit": "2",
            "metadata_options.0.http_tokens": "",
            "metadata_options.0.instance_metadata_tags": "",
            "monitoring.#": "0",
            "name": "eks-fcc3083b-10d5-a023-fdec-0a00f3afd62c",
            "name_prefix": "",
            "network_interfaces.#": "1",
            "network_interfaces.0.associate_carrier_ip_address": "",
            "network_interfaces.0.associate_public_ip_address": "",
            "network_interfaces.0.delete_on_termination": "",
            "network_interfaces.0.description": "",
            "network_interfaces.0.device_index": "0",
            "network_interfaces.0.interface_type": "",
            "network_interfaces.0.ipv4_address_count": "0",
            "network_interfaces.0.ipv4_addresses.#": "0",
            "network_interfaces.0.ipv4_prefix_count": "0",
            "network_interfaces.0.ipv4_prefixes.#": "0",
            "network_interfaces.0.ipv6_address_count": "0",
            "network_interfaces.0.ipv6_addresses.#": "0",
            "network_interfaces.0.ipv6_prefix_count": "0",
            "network_interfaces.0.ipv6_prefixes.#": "0",
            "network_interfaces.0.network_card_index": "0",
            "network_interfaces.0.network_interface_id": "",
            "network_interfaces.0.private_ip_address": "",
            "network_interfaces.0.security_groups.#": "1",
            "network_interfaces.0.security_groups.0": "sg-0a23be339e58fa2b8",
            "network_interfaces.0.subnet_id": "",
            "placement.#": "0",
            "private_dns_name_options.#": "0",
            "ram_disk_id": "",
            "security_group_names.#": "0",
            "tag_specifications.#": "0",
            "tags.%": "2",
            "tags.eks:cluster-name": "test-eks-cluster",
            "tags.eks:nodegroup-name": "test-eks-nodegroup",
            "tags_all.%": "2",
            "tags_all.eks:cluster-name": "test-eks-cluster",
            "tags_all.eks:nodegroup-name": "test-eks-nodegroup",
            "user_data": "TUlNRS1WZXJzaW9uOiAxLjAKQ29udGVudC1UeXBlOiBtdWx0aXBhcnQvbWl4ZWQ7IGJvdW5kYXJ5PSIvLyIKCi0tLy8KQ29udGVudC1UeXBlOiB0ZXh0L3gtc2hlbGxzY3JpcHQ7IGNoYXJzZXQ9InVzLWFzY2lpIgojIS9iaW4vYmFzaApzZXQgLWV4CkI2NF9DTFVTVEVSX0NBPUxTMHRMUzFDUlVkSlRpQkRSVkpVU1VaSlEwRlVSUzB0TFMwdENrMUpTVU0xZWtORFFXTXJaMEYzU1VKQlowbENRVVJCVGtKbmEzRm9hMmxIT1hjd1FrRlJjMFpCUkVGV1RWSk5kMFZSV1VSV1VWRkVSWGR3Y21SWFNtd0tZMjAxYkdSSFZucE5RalJZUkZSSmVrMUVTWGROYWtFd1RrUmpkMDB4YjFoRVZFMTZUVVJGZWsxRVFUQk9SR04zVFRGdmQwWlVSVlJOUWtWSFFURlZSUXBCZUUxTFlUTldhVnBZU25WYVdGSnNZM3BEUTBGVFNYZEVVVmxLUzI5YVNXaDJZMDVCVVVWQ1FsRkJSR2RuUlZCQlJFTkRRVkZ2UTJkblJVSkJUMFI1Q21GV1JXZGFibVZNVkRoeWFEUnVRa3hzZDNvMEwyRTRiSGgwYVhKTmQxQmxWVkIzWjAwNVpVMWxaVmdyYzI0NWRVNTFNakZUVEdaM1RDdDJVR2RxYlRnS1pUSTBUM1JoWjJkc1VFbzFhbEpRY1RZdldXeHBUMHBaTjFobFdVVlROSFZ3VG1kWlkyTm1jMUpGTDJwTWIxRmtTbkp1TkdObWVtTTRWVEZ0WkUxYWN3cGFWVXhuZWxGV1lYcHNjMmRhT0ROVk9HVkZUVVZVUmtablRUTkVWMkpCYkdGVmJHbHNlRXRVTjB0NU4ycFhlamxSTDBNemJrZFhTMGh1V210QmJYaGtDamxFVmxNME0ySjFlVmxKTDNsclkzRXpTMXBKT1VoalYwSldOMjVVTm1GaFExQkZlVFJQVkVSUlVUSTNSWEYwZHpBdmRGSkZVRFoxVjNKcWNuaFpkVmNLWnpkdGQxbzNkemgxYkZCQk0xSXJRM2hXVjBwU1duVk1aWHA0TjB0NVVXRlZPRlI2Tm5WWE9GVXZZMDFtTTNKaGJrWm5kVXM0Y2xKTE1qQndiR1UyZVFwVGMyUXhOa2x5VUhSWlJVcE5XR1pxVGpoalEwRjNSVUZCWVU1RFRVVkJkMFJuV1VSV1VqQlFRVkZJTDBKQlVVUkJaMHRyVFVFNFIwRXhWV1JGZDBWQ0NpOTNVVVpOUVUxQ1FXWTRkMGhSV1VSV1VqQlBRa0paUlVaQmRqWklNbk16ZFdrclNEaHFlV05aUW5WSk9FbHRha3BPTW1STlFUQkhRMU54UjFOSllqTUtSRkZGUWtOM1ZVRkJORWxDUVZGQ1VuZG5VM05uTUZwc1VrSnJXbTRyYVhCTWNVdEhLMDlFU1hoMVVEWXJjV1JZTUZCVWNFdEpWVEoxU0ZRNFNXMDNiQXBZYUZGVFFUbFpWbVJYVVNzNVMydFRXREJ2V2xKQ1ZIcDVTVzVzTlZkcU5EWk9lazlOYUZnelJtMDFjMlpOZVRKNmVFd3hZVFl6UjNwSlMxZDROMHB0Q2pBd1EwTlliMWcwVERsa2MyMUVNRXdyWlhCWllVVmFRazlWZWtJelJFTm5ZbVpZTjA5SFZtSndXRFpQWlVWdmVpdE5la1l2T0cxMVR6WnpRbEYzYW1ZS1p6aGlOazVoZVRJNU9IRnZVbkIzV1VOM04wdFhjWFZQYW5CaGJXUllhV2RDTVhkMlNXUlBObVJtYUdONFNYVkpTekp2SzFKWGNXWmhSemhWVm5WTk5nb3dlSFIzVERWblNGbFhjWFZKYkZCRGNpdFdNbEpFZFd4VFRGUnRibk5tYlhGUmRFVllRelY0VjJOdWFYbExlSFZ2WnpSTGVrd3hWak5qVDBoVVVrZDFDbVZQT1dvcldHaFJXVk5qVVU5T01EVm9TMjkxV2toeVdWWlBORGxyV0ZncmNYVjViUW90TFMwdExVVk9SQ0JEUlZKVVNVWkpRMEZVUlMwdExTMHRDZz09CkFQSV9TRVJWRVJfVVJMPWh0dHBzOi8vM0QyRTY4NEU5MjkwRDM0NTk3M0QxRDVGMTg2RjVCRjAuZ3I3LmFwLW5vcnRoZWFzdC0yLmVrcy5hbWF6b25hd3MuY29tCks4U19DTFVTVEVSX0ROU19JUD0xMC4xMDAuMC4xMAovZXRjL2Vrcy9ib290c3RyYXAuc2ggdGVzdC1la3MtY2x1c3RlciAtLWt1YmVsZXQtZXh0cmEtYXJncyAnLS1ub2RlLWxhYmVscz1la3MuYW1hem9uYXdzLmNvbS9ub2RlZ3JvdXAtaW1hZ2U9YW1pLTA4NTUxNGRlMjg5ZTE0Y2I1LGVrcy5hbWF6b25hd3MuY29tL2NhcGFjaXR5VHlwZT1PTl9ERU1BTkQsZWtzLmFtYXpvbmF3cy5jb20vbm9kZWdyb3VwPXRlc3QtZWtzLW5vZGVncm91cCxyb2xlPWVrcy1ub2RlZ3JvdXAgLS1tYXgtcG9kcz0xNycgLS1iNjQtY2x1c3Rlci1jYSAkQjY0X0NMVVNURVJfQ0EgLS1hcGlzZXJ2ZXItZW5kcG9pbnQgJEFQSV9TRVJWRVJfVVJMIC0tZG5zLWNsdXN0ZXItaXAgJEs4U19DTFVTVEVSX0ROU19JUCAtLXVzZS1tYXgtcG9kcyBmYWxzZQoKLS0vLy0t",
            "vpc_security_group_ids.#": "0"
          },
          "sensitive_attributes": []
        }
      ]
    }
  ],
  "check_results": null
}
