{
  "version": 4,
  "terraform_version": "1.3.7",
  "serial": 2,
  "lineage": "16f8798c-9e72-289f-68c3-4390ff4fc4c1",
  "outputs": {
    "aws_subnet_tfer--subnet-0453ecb84ca59bd5e_id": {
      "value": "subnet-0453ecb84ca59bd5e",
      "type": "string"
    },
    "aws_subnet_tfer--subnet-0b58d1adb0e630c50_id": {
      "value": "subnet-0b58d1adb0e630c50",
      "type": "string"
    }
  },
  "resources": [
    {
      "mode": "managed",
      "type": "aws_subnet",
      "name": "tfer--subnet-0b58d1adb0e630c50",
      "provider": "provider[\"registry.terraform.io/-/aws\"]",
      "instances": [
        {
          "schema_version": 1,
          "attributes_flat": {
            "arn": "arn:aws:ec2:ap-northeast-2:667994629779:subnet/subnet-0b58d1adb0e630c50",
            "assign_ipv6_address_on_creation": "false",
            "availability_zone": "ap-northeast-2c",
            "availability_zone_id": "apne2-az3",
            "cidr_block": "172.31.32.0/20",
            "customer_owned_ipv4_pool": "",
            "enable_dns64": "false",
            "enable_resource_name_dns_a_record_on_launch": "false",
            "enable_resource_name_dns_aaaa_record_on_launch": "false",
            "id": "subnet-0b58d1adb0e630c50",
            "ipv6_cidr_block": "",
            "ipv6_cidr_block_association_id": "",
            "ipv6_native": "false",
            "map_customer_owned_ip_on_launch": "false",
            "map_public_ip_on_launch": "true",
            "outpost_arn": "",
            "owner_id": "667994629779",
            "private_dns_hostname_type_on_launch": "ip-name",
            "tags.%": "2",
            "tags.Name": "public-subnet3",
            "tags.kubernetes.io/cluster/test-eks-cluster": "shared",
            "tags_all.%": "2",
            "tags_all.Name": "public-subnet3",
            "tags_all.kubernetes.io/cluster/test-eks-cluster": "shared",
            "vpc_id": "vpc-04623bbd67846e1f2"
          },
          "sensitive_attributes": []
        }
      ]
    }
  ],
  "check_results": null
}
