{
  "version": 4,
  "terraform_version": "1.3.7",
  "serial": 1,
  "lineage": "b9c17c43-c52c-9a1e-0047-3e5e6c7d526b",
  "outputs": {
    "aws_internet_gateway_tfer--igw-030a1176b5bea64b5_id": {
      "value": "igw-030a1176b5bea64b5",
      "type": "string"
    }
  },
  "resources": [
    {
      "mode": "managed",
      "type": "aws_internet_gateway",
      "name": "tfer--igw-030a1176b5bea64b5",
      "provider": "provider[\"registry.terraform.io/-/aws\"]",
      "instances": [
        {
          "schema_version": 0,
          "attributes_flat": {
            "arn": "arn:aws:ec2:ap-northeast-2:667994629779:internet-gateway/igw-030a1176b5bea64b5",
            "id": "igw-030a1176b5bea64b5",
            "owner_id": "667994629779",
            "tags.%": "0",
            "tags_all.%": "0",
            "vpc_id": "vpc-04623bbd67846e1f2"
          },
          "sensitive_attributes": []
        }
      ]
    }
  ],
  "check_results": null
}
