{
  "version": 4,
  "terraform_version": "1.3.7",
  "serial": 1,
  "lineage": "68413f77-fa09-bccc-e934-6b1cf6cded33",
  "outputs": {
    "aws_vpc_tfer--vpc-04623bbd67846e1f2_id": {
      "value": "vpc-04623bbd67846e1f2",
      "type": "string"
    }
  },
  "resources": [
    {
      "mode": "managed",
      "type": "aws_vpc",
      "name": "tfer--vpc-04623bbd67846e1f2",
      "provider": "provider[\"registry.terraform.io/-/aws\"]",
      "instances": [
        {
          "schema_version": 1,
          "attributes_flat": {
            "arn": "arn:aws:ec2:ap-northeast-2:667994629779:vpc/vpc-04623bbd67846e1f2",
            "assign_generated_ipv6_cidr_block": "false",
            "cidr_block": "172.31.0.0/16",
            "default_network_acl_id": "acl-0893f973feef05fb8",
            "default_route_table_id": "rtb-00e44179552178e42",
            "default_security_group_id": "sg-0c1702f78b7e0ab0b",
            "dhcp_options_id": "dopt-05219facd97855402",
            "enable_classiclink": "false",
            "enable_classiclink_dns_support": "false",
            "enable_dns_hostnames": "true",
            "enable_dns_support": "true",
            "enable_network_address_usage_metrics": "false",
            "id": "vpc-04623bbd67846e1f2",
            "instance_tenancy": "default",
            "ipv6_association_id": "",
            "ipv6_cidr_block": "",
            "ipv6_cidr_block_network_border_group": "",
            "ipv6_ipam_pool_id": "",
            "ipv6_netmask_length": "0",
            "main_route_table_id": "rtb-00e44179552178e42",
            "owner_id": "667994629779",
            "tags.%": "1",
            "tags.Name": "vpc",
            "tags_all.%": "1",
            "tags_all.Name": "vpc"
          },
          "sensitive_attributes": []
        }
      ]
    }
  ],
  "check_results": null
}
