{
  "version": 4,
  "terraform_version": "1.3.7",
  "serial": 55,
  "lineage": "fba65b38-6965-b454-1eee-42587114e707",
  "outputs": {},
  "resources": [
    {
      "mode": "data",
      "type": "aws_availability_zones",
      "name": "available",
      "provider": "provider[\"registry.terraform.io/hashicorp/aws\"]",
      "instances": [
        {
          "schema_version": 0,
          "attributes": {
            "all_availability_zones": null,
            "exclude_names": [
              "ap-northeast-2a",
              "ap-northeast-2c"
            ],
            "exclude_zone_ids": null,
            "filter": null,
            "group_names": [
              "ap-northeast-2"
            ],
            "id": "ap-northeast-2",
            "names": [
              "ap-northeast-2b",
              "ap-northeast-2d"
            ],
            "state": null,
            "timeouts": null,
            "zone_ids": [
              "apne2-az2",
              "apne2-az4"
            ]
          },
          "sensitive_attributes": []
        }
      ]
    },
    {
      "mode": "managed",
      "type": "aws_autoscaling_group",
      "name": "tfer--eks-test-eks-nodegroup-fcc3083b-10d5-a023-fdec-0a00f3afd62c",
      "provider": "provider[\"registry.terraform.io/hashicorp/aws\"]",
      "instances": [
        {
          "schema_version": 0,
          "attributes": {
            "arn": "arn:aws:autoscaling:ap-northeast-2:667994629779:autoScalingGroup:d62e0b09-3105-489b-a51c-35692df9b977:autoScalingGroupName/eks-test-eks-nodegroup-fcc3083b-10d5-a023-fdec-0a00f3afd62c",
            "availability_zones": [
              "ap-northeast-2a",
              "ap-northeast-2c"
            ],
            "capacity_rebalance": true,
            "context": "",
            "default_cooldown": 300,
            "default_instance_warmup": 0,
            "desired_capacity": 2,
            "desired_capacity_type": "",
            "enabled_metrics": [],
            "force_delete": false,
            "force_delete_warm_pool": false,
            "health_check_grace_period": 15,
            "health_check_type": "EC2",
            "id": "eks-test-eks-nodegroup-fcc3083b-10d5-a023-fdec-0a00f3afd62c",
            "initial_lifecycle_hook": [],
            "instance_refresh": [],
            "launch_configuration": "",
            "launch_template": [],
            "load_balancers": [],
            "max_instance_lifetime": 0,
            "max_size": 3,
            "metrics_granularity": "1Minute",
            "min_elb_capacity": null,
            "min_size": 1,
            "mixed_instances_policy": [
              {
                "instances_distribution": [
                  {
                    "on_demand_allocation_strategy": "prioritized",
                    "on_demand_base_capacity": 0,
                    "on_demand_percentage_above_base_capacity": 100,
                    "spot_allocation_strategy": "lowest-price",
                    "spot_instance_pools": 2,
                    "spot_max_price": ""
                  }
                ],
                "launch_template": [
                  {
                    "launch_template_specification": [
                      {
                        "launch_template_id": "lt-045456a4c4b77a3c6",
                        "launch_template_name": "eks-fcc3083b-10d5-a023-fdec-0a00f3afd62c",
                        "version": "1"
                      }
                    ],
                    "override": [
                      {
                        "instance_requirements": [],
                        "instance_type": "t3a.medium",
                        "launch_template_specification": [],
                        "weighted_capacity": ""
                      }
                    ]
                  }
                ]
              }
            ],
            "name": "eks-test-eks-nodegroup-fcc3083b-10d5-a023-fdec-0a00f3afd62c",
            "name_prefix": "",
            "placement_group": "",
            "protect_from_scale_in": false,
            "service_linked_role_arn": "arn:aws:iam::667994629779:role/aws-service-role/autoscaling.amazonaws.com/AWSServiceRoleForAutoScaling",
            "suspended_processes": [],
            "tag": [
              {
                "key": "eks:cluster-name",
                "propagate_at_launch": true,
                "value": "test-eks-cluster"
              },
              {
                "key": "eks:nodegroup-name",
                "propagate_at_launch": true,
                "value": "test-eks-nodegroup"
              },
              {
                "key": "k8s.io/cluster-autoscaler/enabled",
                "propagate_at_launch": true,
                "value": "true"
              },
              {
                "key": "k8s.io/cluster-autoscaler/test-eks-cluster",
                "propagate_at_launch": true,
                "value": "owned"
              },
              {
                "key": "kubernetes.io/cluster/test-eks-cluster",
                "propagate_at_launch": true,
                "value": "owned"
              }
            ],
            "tags": null,
            "target_group_arns": [],
            "termination_policies": [
              "AllocationStrategy",
              "OldestInstance",
              "OldestLaunchTemplate"
            ],
            "timeouts": {
              "delete": null,
              "update": null
            },
            "vpc_zone_identifier": [
              "subnet-0453ecb84ca59bd5e",
              "subnet-0b58d1adb0e630c50"
            ],
            "wait_for_capacity_timeout": "10m",
            "wait_for_elb_capacity": null,
            "warm_pool": []
          },
          "sensitive_attributes": [],
          "private": "eyJlMmJmYjczMC1lY2FhLTExZTYtOGY4OC0zNDM2M2JjN2M0YzAiOnsiZGVsZXRlIjo2MDAwMDAwMDAwMDAsInVwZGF0ZSI6NjAwMDAwMDAwMDAwfX0="
        }
      ]
    },
    {
      "mode": "managed",
      "type": "aws_eks_cluster",
      "name": "test-eks-cluster",
      "provider": "provider[\"registry.terraform.io/hashicorp/aws\"]",
      "instances": [
        {
          "schema_version": 0,
          "attributes": {
            "arn": "arn:aws:eks:ap-northeast-2:667994629779:cluster/test-eks-cluster",
            "certificate_authority": [
              {
                "data": "LS0tLS1CRUdJTiBDRVJUSUZJQ0FURS0tLS0tCk1JSUM1ekNDQWMrZ0F3SUJBZ0lCQURBTkJna3Foa2lHOXcwQkFRc0ZBREFWTVJNd0VRWURWUVFERXdwcmRXSmwKY201bGRHVnpNQjRYRFRJek1ESXdNakEwTkRjd00xb1hEVE16TURFek1EQTBORGN3TTFvd0ZURVRNQkVHQTFVRQpBeE1LYTNWaVpYSnVaWFJsY3pDQ0FTSXdEUVlKS29aSWh2Y05BUUVCQlFBRGdnRVBBRENDQVFvQ2dnRUJBT0R5CmFWRWdabmVMVDhyaDRuQkxsd3o0L2E4bHh0aXJNd1BlVVB3Z005ZU1lZVgrc245dU51MjFTTGZ3TCt2UGdqbTgKZTI0T3RhZ2dsUEo1alJQcTYvWWxpT0pZN1hlWUVTNHVwTmdZY2Nmc1JFL2pMb1FkSnJuNGNmemM4VTFtZE1acwpaVUxnelFWYXpsc2daODNVOGVFTUVURkZnTTNEV2JBbGFVbGlseEtUN0t5N2pXejlRL0MzbkdXS0huWmtBbXhkCjlEVlM0M2J1eVlJL3lrY3EzS1pJOUhjV0JWN25UNmFhQ1BFeTRPVERRUTI3RXF0dzAvdFJFUDZ1V3JqcnhZdVcKZzdtd1o3dzh1bFBBM1IrQ3hWV0pSWnVMZXp4N0t5UWFVOFR6NnVXOFUvY01mM3JhbkZndUs4clJLMjBwbGU2eQpTc2QxNklyUHRZRUpNWGZqTjhjQ0F3RUFBYU5DTUVBd0RnWURWUjBQQVFIL0JBUURBZ0trTUE4R0ExVWRFd0VCCi93UUZNQU1CQWY4d0hRWURWUjBPQkJZRUZBdjZIMnMzdWkrSDhqeWNZQnVJOEltakpOMmRNQTBHQ1NxR1NJYjMKRFFFQkN3VUFBNElCQVFCUndnU3NnMFpsUkJrWm4raXBMcUtHK09ESXh1UDYrcWRYMFBUcEtJVTJ1SFQ4SW03bApYaFFTQTlZVmRXUSs5S2tTWDBvWlJCVHp5SW5sNVdqNDZOek9NaFgzRm01c2ZNeTJ6eEwxYTYzR3pJS1d4N0ptCjAwQ0NYb1g0TDlkc21EMEwrZXBZYUVaQk9VekIzRENnYmZYN09HVmJwWDZPZUVveitNekYvOG11TzZzQlF3amYKZzhiNk5heTI5OHFvUnB3WUN3N0tXcXVPanBhbWRYaWdCMXd2SWRPNmRmaGN4SXVJSzJvK1JXcWZhRzhVVnVNNgoweHR3TDVnSFlXcXVJbFBDcitWMlJEdWxTTFRtbnNmbXFRdEVYQzV4V2NuaXlLeHVvZzRLekwxVjNjT0hUUkd1CmVPOWorWGhRWVNjUU9OMDVoS291WkhyWVZPNDlrWFgrcXV5bQotLS0tLUVORCBDRVJUSUZJQ0FURS0tLS0tCg=="
              }
            ],
            "cluster_id": null,
            "created_at": "2023-02-02 04:42:03.79 +0000 UTC",
            "enabled_cluster_log_types": [
              "api",
              "audit",
              "authenticator",
              "controllerManager",
              "scheduler"
            ],
            "encryption_config": [],
            "endpoint": "https://3D2E684E9290D345973D1D5F186F5BF0.gr7.ap-northeast-2.eks.amazonaws.com",
            "id": "test-eks-cluster",
            "identity": [
              {
                "oidc": [
                  {
                    "issuer": "https://oidc.eks.ap-northeast-2.amazonaws.com/id/3D2E684E9290D345973D1D5F186F5BF0"
                  }
                ]
              }
            ],
            "kubernetes_network_config": [
              {
                "ip_family": "ipv4",
                "service_ipv4_cidr": "10.100.0.0/16",
                "service_ipv6_cidr": ""
              }
            ],
            "name": "test-eks-cluster",
            "outpost_config": [],
            "platform_version": "eks.14",
            "role_arn": "arn:aws:iam::667994629779:role/test-iam-role-eks-cluster",
            "status": "ACTIVE",
            "tags": {},
            "tags_all": {},
            "timeouts": null,
            "version": "1.21",
            "vpc_config": [
              {
                "cluster_security_group_id": "sg-0a23be339e58fa2b8",
                "endpoint_private_access": false,
                "endpoint_public_access": true,
                "public_access_cidrs": [
                  "0.0.0.0/0"
                ],
                "security_group_ids": [
                  "sg-04a49a0a388a49dff"
                ],
                "subnet_ids": [
                  "subnet-0453ecb84ca59bd5e",
                  "subnet-0b58d1adb0e630c50"
                ],
                "vpc_id": "vpc-04623bbd67846e1f2"
              }
            ]
          },
          "sensitive_attributes": [],
          "private": "eyJlMmJmYjczMC1lY2FhLTExZTYtOGY4OC0zNDM2M2JjN2M0YzAiOnsiY3JlYXRlIjoxODAwMDAwMDAwMDAwLCJkZWxldGUiOjkwMDAwMDAwMDAwMCwidXBkYXRlIjozNjAwMDAwMDAwMDAwfX0=",
          "dependencies": [
            "aws_iam_role.test-iam-role-eks-cluster",
            "aws_iam_role_policy_attachment.test-iam-policy-eks-cluster",
            "aws_iam_role_policy_attachment.test-iam-policy-eks-cluster-vpc",
            "aws_security_group.test-sg-eks-cluster"
          ]
        }
      ]
    },
    {
      "mode": "managed",
      "type": "aws_eks_node_group",
      "name": "test-eks-nodegroup",
      "provider": "provider[\"registry.terraform.io/hashicorp/aws\"]",
      "instances": [
        {
          "schema_version": 0,
          "attributes": {
            "ami_type": "AL2_x86_64",
            "arn": "arn:aws:eks:ap-northeast-2:667994629779:nodegroup/test-eks-cluster/test-eks-nodegroup/fcc3083b-10d5-a023-fdec-0a00f3afd62c",
            "capacity_type": "ON_DEMAND",
            "cluster_name": "test-eks-cluster",
            "disk_size": 20,
            "force_update_version": null,
            "id": "test-eks-cluster:test-eks-nodegroup",
            "instance_types": [
              "t3a.medium"
            ],
            "labels": {
              "role": "eks-nodegroup"
            },
            "launch_template": [],
            "node_group_name": "test-eks-nodegroup",
            "node_group_name_prefix": "",
            "node_role_arn": "arn:aws:iam::667994629779:role/test-iam-role-eks-nodegroup",
            "release_version": "1.21.14-20230127",
            "remote_access": [],
            "resources": [
              {
                "autoscaling_groups": [
                  {
                    "name": "eks-test-eks-nodegroup-fcc3083b-10d5-a023-fdec-0a00f3afd62c"
                  }
                ],
                "remote_access_security_group_id": ""
              }
            ],
            "scaling_config": [
              {
                "desired_size": 1,
                "max_size": 1,
                "min_size": 1
              }
            ],
            "status": "ACTIVE",
            "subnet_ids": [
              "subnet-0453ecb84ca59bd5e",
              "subnet-0b58d1adb0e630c50"
            ],
            "tags": {
              "Name": "test-eks-cluster-worker-node"
            },
            "tags_all": {
              "Name": "test-eks-cluster-worker-node"
            },
            "taint": [],
            "timeouts": null,
            "update_config": [
              {
                "max_unavailable": 1,
                "max_unavailable_percentage": 0
              }
            ],
            "version": "1.21"
          },
          "sensitive_attributes": [],
          "private": "eyJlMmJmYjczMC1lY2FhLTExZTYtOGY4OC0zNDM2M2JjN2M0YzAiOnsiY3JlYXRlIjozNjAwMDAwMDAwMDAwLCJkZWxldGUiOjM2MDAwMDAwMDAwMDAsInVwZGF0ZSI6MzYwMDAwMDAwMDAwMH19",
          "dependencies": [
            "aws_eks_cluster.test-eks-cluster",
            "aws_iam_role.test-iam-role-eks-nodegroup",
            "aws_iam_role_policy_attachment.test-iam-policy-eks-nodegroup",
            "aws_iam_role_policy_attachment.test-iam-policy-eks-nodegroup-cni",
            "aws_iam_role_policy_attachment.test-iam-policy-eks-nodegroup-ecr"
          ]
        }
      ]
    },
    {
      "mode": "managed",
      "type": "aws_eks_node_group",
      "name": "test-eks-nodegroup2",
      "provider": "provider[\"registry.terraform.io/hashicorp/aws\"]",
      "instances": [
        {
          "schema_version": 0,
          "attributes": {
            "ami_type": "CUSTOM",
            "arn": "arn:aws:eks:ap-northeast-2:667994629779:nodegroup/test-eks-cluster/test-eks-nodegroup2/56c30867-e0dd-2b8a-8322-f8e65fbd7ee2",
            "capacity_type": "ON_DEMAND",
            "cluster_name": "test-eks-cluster",
            "disk_size": 0,
            "force_update_version": null,
            "id": "test-eks-cluster:test-eks-nodegroup2",
            "instance_types": [],
            "labels": {
              "role": "eks-nodegroup"
            },
            "launch_template": [
              {
                "id": "lt-04cf2f805eee2f19d",
                "name": "terraform-20230202062816094100000001",
                "version": "2"
              }
            ],
            "node_group_name": "test-eks-nodegroup2",
            "node_group_name_prefix": "",
            "node_role_arn": "arn:aws:iam::667994629779:role/test-iam-role-eks-nodegroup",
            "release_version": "ami-085514de289e14cb5",
            "remote_access": [],
            "resources": [
              {
                "autoscaling_groups": [
                  {
                    "name": "eks-test-eks-nodegroup2-56c30867-e0dd-2b8a-8322-f8e65fbd7ee2"
                  }
                ],
                "remote_access_security_group_id": ""
              }
            ],
            "scaling_config": [
              {
                "desired_size": 1,
                "max_size": 1,
                "min_size": 1
              }
            ],
            "status": "ACTIVE",
            "subnet_ids": [
              "subnet-0453ecb84ca59bd5e",
              "subnet-0b58d1adb0e630c50"
            ],
            "tags": {
              "Name": "test-eks-cluster-worker-node2"
            },
            "tags_all": {
              "Name": "test-eks-cluster-worker-node2"
            },
            "taint": [],
            "timeouts": null,
            "update_config": [
              {
                "max_unavailable": 1,
                "max_unavailable_percentage": 0
              }
            ],
            "version": "1.21"
          },
          "sensitive_attributes": [],
          "private": "eyJlMmJmYjczMC1lY2FhLTExZTYtOGY4OC0zNDM2M2JjN2M0YzAiOnsiY3JlYXRlIjozNjAwMDAwMDAwMDAwLCJkZWxldGUiOjM2MDAwMDAwMDAwMDAsInVwZGF0ZSI6MzYwMDAwMDAwMDAwMH19",
          "dependencies": [
            "aws_eks_cluster.test-eks-cluster",
            "aws_iam_role.test-iam-role-eks-nodegroup",
            "aws_launch_template.test-launch-template"
          ]
        }
      ]
    },
    {
      "mode": "managed",
      "type": "aws_iam_role",
      "name": "test-iam-role-eks-cluster",
      "provider": "provider[\"registry.terraform.io/hashicorp/aws\"]",
      "instances": [
        {
          "schema_version": 0,
          "attributes": {
            "arn": "arn:aws:iam::667994629779:role/test-iam-role-eks-cluster",
            "assume_role_policy": "{\"Statement\":[{\"Action\":\"sts:AssumeRole\",\"Effect\":\"Allow\",\"Principal\":{\"Service\":\"eks.amazonaws.com\"}}],\"Version\":\"2012-10-17\"}",
            "create_date": "2023-02-02T04:42:00Z",
            "description": "",
            "force_detach_policies": false,
            "id": "test-iam-role-eks-cluster",
            "inline_policy": [],
            "managed_policy_arns": [
              "arn:aws:iam::aws:policy/AmazonEKSClusterPolicy",
              "arn:aws:iam::aws:policy/AmazonEKSVPCResourceController"
            ],
            "max_session_duration": 3600,
            "name": "test-iam-role-eks-cluster",
            "name_prefix": "",
            "path": "/",
            "permissions_boundary": null,
            "tags": {},
            "tags_all": {},
            "unique_id": "AROAZXB4VE2JXBI5WM2QS"
          },
          "sensitive_attributes": [],
          "private": "bnVsbA=="
        }
      ]
    },
    {
      "mode": "managed",
      "type": "aws_iam_role",
      "name": "test-iam-role-eks-nodegroup",
      "provider": "provider[\"registry.terraform.io/hashicorp/aws\"]",
      "instances": [
        {
          "schema_version": 0,
          "attributes": {
            "arn": "arn:aws:iam::667994629779:role/test-iam-role-eks-nodegroup",
            "assume_role_policy": "{\"Statement\":[{\"Action\":\"sts:AssumeRole\",\"Effect\":\"Allow\",\"Principal\":{\"Service\":\"ec2.amazonaws.com\"}}],\"Version\":\"2012-10-17\"}",
            "create_date": "2023-02-02T04:42:00Z",
            "description": "",
            "force_detach_policies": false,
            "id": "test-iam-role-eks-nodegroup",
            "inline_policy": [],
            "managed_policy_arns": [
              "arn:aws:iam::aws:policy/AmazonEC2ContainerRegistryReadOnly",
              "arn:aws:iam::aws:policy/AmazonEKSWorkerNodePolicy",
              "arn:aws:iam::aws:policy/AmazonEKS_CNI_Policy"
            ],
            "max_session_duration": 3600,
            "name": "test-iam-role-eks-nodegroup",
            "name_prefix": "",
            "path": "/",
            "permissions_boundary": null,
            "tags": {},
            "tags_all": {},
            "unique_id": "AROAZXB4VE2J3YEBRTDPJ"
          },
          "sensitive_attributes": [],
          "private": "bnVsbA=="
        }
      ]
    },
    {
      "mode": "managed",
      "type": "aws_iam_role_policy_attachment",
      "name": "test-iam-policy-eks-cluster",
      "provider": "provider[\"registry.terraform.io/hashicorp/aws\"]",
      "instances": [
        {
          "schema_version": 0,
          "attributes": {
            "id": "test-iam-role-eks-cluster-20230202044201589400000001",
            "policy_arn": "arn:aws:iam::aws:policy/AmazonEKSClusterPolicy",
            "role": "test-iam-role-eks-cluster"
          },
          "sensitive_attributes": [],
          "private": "bnVsbA==",
          "dependencies": [
            "aws_iam_role.test-iam-role-eks-cluster"
          ]
        }
      ]
    },
    {
      "mode": "managed",
      "type": "aws_iam_role_policy_attachment",
      "name": "test-iam-policy-eks-cluster-vpc",
      "provider": "provider[\"registry.terraform.io/hashicorp/aws\"]",
      "instances": [
        {
          "schema_version": 0,
          "attributes": {
            "id": "test-iam-role-eks-cluster-20230202044201616200000002",
            "policy_arn": "arn:aws:iam::aws:policy/AmazonEKSVPCResourceController",
            "role": "test-iam-role-eks-cluster"
          },
          "sensitive_attributes": [],
          "private": "bnVsbA==",
          "dependencies": [
            "aws_iam_role.test-iam-role-eks-cluster"
          ]
        }
      ]
    },
    {
      "mode": "managed",
      "type": "aws_iam_role_policy_attachment",
      "name": "test-iam-policy-eks-nodegroup",
      "provider": "provider[\"registry.terraform.io/hashicorp/aws\"]",
      "instances": [
        {
          "schema_version": 0,
          "attributes": {
            "id": "test-iam-role-eks-nodegroup-20230202044201863200000003",
            "policy_arn": "arn:aws:iam::aws:policy/AmazonEKSWorkerNodePolicy",
            "role": "test-iam-role-eks-nodegroup"
          },
          "sensitive_attributes": [],
          "private": "bnVsbA==",
          "dependencies": [
            "aws_iam_role.test-iam-role-eks-nodegroup"
          ]
        }
      ]
    },
    {
      "mode": "managed",
      "type": "aws_iam_role_policy_attachment",
      "name": "test-iam-policy-eks-nodegroup-cni",
      "provider": "provider[\"registry.terraform.io/hashicorp/aws\"]",
      "instances": [
        {
          "schema_version": 0,
          "attributes": {
            "id": "test-iam-role-eks-nodegroup-20230202044202175100000005",
            "policy_arn": "arn:aws:iam::aws:policy/AmazonEKS_CNI_Policy",
            "role": "test-iam-role-eks-nodegroup"
          },
          "sensitive_attributes": [],
          "private": "bnVsbA==",
          "dependencies": [
            "aws_iam_role.test-iam-role-eks-nodegroup"
          ]
        }
      ]
    },
    {
      "mode": "managed",
      "type": "aws_iam_role_policy_attachment",
      "name": "test-iam-policy-eks-nodegroup-ecr",
      "provider": "provider[\"registry.terraform.io/hashicorp/aws\"]",
      "instances": [
        {
          "schema_version": 0,
          "attributes": {
            "id": "test-iam-role-eks-nodegroup-20230202044201886100000004",
            "policy_arn": "arn:aws:iam::aws:policy/AmazonEC2ContainerRegistryReadOnly",
            "role": "test-iam-role-eks-nodegroup"
          },
          "sensitive_attributes": [],
          "private": "bnVsbA==",
          "dependencies": [
            "aws_iam_role.test-iam-role-eks-nodegroup"
          ]
        }
      ]
    },
    {
      "mode": "managed",
      "type": "aws_internet_gateway",
      "name": "tfer--igw-030a1176b5bea64b5",
      "provider": "provider[\"registry.terraform.io/-/aws\"]",
      "instances": [
        {
          "schema_version": 0,
          "attributes_flat": {
            "arn": "arn:aws:ec2:ap-northeast-2:667994629779:internet-gateway/igw-030a1176b5bea64b5",
            "id": "igw-030a1176b5bea64b5",
            "owner_id": "667994629779",
            "tags.%": "0",
            "tags_all.%": "0",
            "vpc_id": "vpc-04623bbd67846e1f2"
          },
          "sensitive_attributes": []
        }
      ]
    },
    {
      "mode": "managed",
      "type": "aws_launch_template",
      "name": "test-launch-template",
      "provider": "provider[\"registry.terraform.io/hashicorp/aws\"]",
      "instances": [
        {
          "schema_version": 0,
          "attributes": {
            "arn": "arn:aws:ec2:ap-northeast-2:667994629779:launch-template/lt-04cf2f805eee2f19d",
            "block_device_mappings": [
              {
                "device_name": "/dev/xvda",
                "ebs": [
                  {
                    "delete_on_termination": "true",
                    "encrypted": "",
                    "iops": 0,
                    "kms_key_id": "",
                    "snapshot_id": "",
                    "throughput": 0,
                    "volume_size": 20,
                    "volume_type": "gp2"
                  }
                ],
                "no_device": "",
                "virtual_name": ""
              }
            ],
            "capacity_reservation_specification": [],
            "cpu_options": [],
            "credit_specification": [],
            "default_version": 1,
            "description": "",
            "disable_api_stop": false,
            "disable_api_termination": false,
            "ebs_optimized": "",
            "elastic_gpu_specifications": [],
            "elastic_inference_accelerator": [],
            "enclave_options": [],
            "hibernation_options": [],
            "iam_instance_profile": [],
            "id": "lt-04cf2f805eee2f19d",
            "image_id": "ami-085514de289e14cb5",
            "instance_initiated_shutdown_behavior": "",
            "instance_market_options": [],
            "instance_requirements": [],
            "instance_type": "t3a.medium",
            "kernel_id": "",
            "key_name": "",
            "latest_version": 2,
            "license_specification": [],
            "maintenance_options": [],
            "metadata_options": [
              {
                "http_endpoint": "",
                "http_protocol_ipv6": "disabled",
                "http_put_response_hop_limit": 0,
                "http_tokens": "",
                "instance_metadata_tags": ""
              }
            ],
            "monitoring": [],
            "name": "terraform-20230202062816094100000001",
            "name_prefix": "terraform-",
            "network_interfaces": [
              {
                "associate_carrier_ip_address": "",
                "associate_public_ip_address": "",
                "delete_on_termination": "",
                "description": "",
                "device_index": 0,
                "interface_type": "",
                "ipv4_address_count": 0,
                "ipv4_addresses": [],
                "ipv4_prefix_count": 0,
                "ipv4_prefixes": [],
                "ipv6_address_count": 0,
                "ipv6_addresses": [],
                "ipv6_prefix_count": 0,
                "ipv6_prefixes": [],
                "network_card_index": 0,
                "network_interface_id": "",
                "private_ip_address": "",
                "security_groups": [
                  "sg-0a23be339e58fa2b8"
                ],
                "subnet_id": ""
              }
            ],
            "placement": [],
            "private_dns_name_options": [],
            "ram_disk_id": "",
            "security_group_names": [],
            "tag_specifications": [],
            "tags": {
              "eks:cluster-name": "test-eks-cluster",
              "eks:nodegroup-name": "test-eks-nodegroup"
            },
            "tags_all": {
              "eks:cluster-name": "test-eks-cluster",
              "eks:nodegroup-name": "test-eks-nodegroup"
            },
            "update_default_version": null,
            "user_data": "TUlNRS1WZXJzaW9uOiAxLjAKQ29udGVudC1UeXBlOiBtdWx0aXBhcnQvbWl4ZWQ7IGJvdW5kYXJ5PSIvLyIKCi0tLy8KQ29udGVudC1UeXBlOiB0ZXh0L3gtc2hlbGxzY3JpcHQ7IGNoYXJzZXQ9InVzLWFzY2lpIgojIS9iaW4vYmFzaApzZXQgLWV4CkI2NF9DTFVTVEVSX0NBPUxTMHRMUzFDUlVkSlRpQkRSVkpVU1VaSlEwRlVSUzB0TFMwdENrMUpTVU0xZWtORFFXTXJaMEYzU1VKQlowbENRVVJCVGtKbmEzRm9hMmxIT1hjd1FrRlJjMFpCUkVGV1RWSk5kMFZSV1VSV1VWRkVSWGR3Y21SWFNtd0tZMjAxYkdSSFZucE5RalJZUkZSSmVrMUVTWGROYWtFd1RrUmpkMDB4YjFoRVZFMTZUVVJGZWsxRVFUQk9SR04zVFRGdmQwWlVSVlJOUWtWSFFURlZSUXBCZUUxTFlUTldhVnBZU25WYVdGSnNZM3BEUTBGVFNYZEVVVmxLUzI5YVNXaDJZMDVCVVVWQ1FsRkJSR2RuUlZCQlJFTkRRVkZ2UTJkblJVSkJUMFI1Q21GV1JXZGFibVZNVkRoeWFEUnVRa3hzZDNvMEwyRTRiSGgwYVhKTmQxQmxWVkIzWjAwNVpVMWxaVmdyYzI0NWRVNTFNakZUVEdaM1RDdDJVR2RxYlRnS1pUSTBUM1JoWjJkc1VFbzFhbEpRY1RZdldXeHBUMHBaTjFobFdVVlROSFZ3VG1kWlkyTm1jMUpGTDJwTWIxRmtTbkp1TkdObWVtTTRWVEZ0WkUxYWN3cGFWVXhuZWxGV1lYcHNjMmRhT0ROVk9HVkZUVVZVUmtablRUTkVWMkpCYkdGVmJHbHNlRXRVTjB0NU4ycFhlamxSTDBNemJrZFhTMGh1V210QmJYaGtDamxFVmxNME0ySjFlVmxKTDNsclkzRXpTMXBKT1VoalYwSldOMjVVTm1GaFExQkZlVFJQVkVSUlVUSTNSWEYwZHpBdmRGSkZVRFoxVjNKcWNuaFpkVmNLWnpkdGQxbzNkemgxYkZCQk0xSXJRM2hXVjBwU1duVk1aWHA0TjB0NVVXRlZPRlI2Tm5WWE9GVXZZMDFtTTNKaGJrWm5kVXM0Y2xKTE1qQndiR1UyZVFwVGMyUXhOa2x5VUhSWlJVcE5XR1pxVGpoalEwRjNSVUZCWVU1RFRVVkJkMFJuV1VSV1VqQlFRVkZJTDBKQlVVUkJaMHRyVFVFNFIwRXhWV1JGZDBWQ0NpOTNVVVpOUVUxQ1FXWTRkMGhSV1VSV1VqQlBRa0paUlVaQmRqWklNbk16ZFdrclNEaHFlV05aUW5WSk9FbHRha3BPTW1STlFUQkhRMU54UjFOSllqTUtSRkZGUWtOM1ZVRkJORWxDUVZGQ1VuZG5VM05uTUZwc1VrSnJXbTRyYVhCTWNVdEhLMDlFU1hoMVVEWXJjV1JZTUZCVWNFdEpWVEoxU0ZRNFNXMDNiQXBZYUZGVFFUbFpWbVJYVVNzNVMydFRXREJ2V2xKQ1ZIcDVTVzVzTlZkcU5EWk9lazlOYUZnelJtMDFjMlpOZVRKNmVFd3hZVFl6UjNwSlMxZDROMHB0Q2pBd1EwTlliMWcwVERsa2MyMUVNRXdyWlhCWllVVmFRazlWZWtJelJFTm5ZbVpZTjA5SFZtSndXRFpQWlVWdmVpdE5la1l2T0cxMVR6WnpRbEYzYW1ZS1p6aGlOazVoZVRJNU9IRnZVbkIzV1VOM04wdFhjWFZQYW5CaGJXUllhV2RDTVhkMlNXUlBObVJtYUdONFNYVkpTekp2SzFKWGNXWmhSemhWVm5WTk5nb3dlSFIzVERWblNGbFhjWFZKYkZCRGNpdFdNbEpFZFd4VFRGUnRibk5tYlhGUmRFVllRelY0VjJOdWFYbExlSFZ2WnpSTGVrd3hWak5qVDBoVVVrZDFDbVZQT1dvcldHaFJXVk5qVVU5T01EVm9TMjkxV2toeVdWWlBORGxyV0ZncmNYVjViUW90TFMwdExVVk9SQ0JEUlZKVVNVWkpRMEZVUlMwdExTMHRDZz09CkFQSV9TRVJWRVJfVVJMPWh0dHBzOi8vM0QyRTY4NEU5MjkwRDM0NTk3M0QxRDVGMTg2RjVCRjAuZ3I3LmFwLW5vcnRoZWFzdC0yLmVrcy5hbWF6b25hd3MuY29tCks4U19DTFVTVEVSX0ROU19JUD0xMC4xMDAuMC4xMAovZXRjL2Vrcy9ib290c3RyYXAuc2ggdGVzdC1la3MtY2x1c3RlciAtLWt1YmVsZXQtZXh0cmEtYXJncyAnLS1ub2RlLWxhYmVscz1la3MuYW1hem9uYXdzLmNvbS9ub2RlZ3JvdXAtaW1hZ2U9YW1pLTA4NTUxNGRlMjg5ZTE0Y2I1LGVrcy5hbWF6b25hd3MuY29tL2NhcGFjaXR5VHlwZT1PTl9ERU1BTkQsZWtzLmFtYXpvbmF3cy5jb20vbm9kZWdyb3VwPXRlc3QtZWtzLW5vZGVncm91cCxyb2xlPWVrcy1ub2RlZ3JvdXAgLS1tYXgtcG9kcz0xNycgLS1iNjQtY2x1c3Rlci1jYSAkQjY0X0NMVVNURVJfQ0EgLS1hcGlzZXJ2ZXItZW5kcG9pbnQgJEFQSV9TRVJWRVJfVVJMIC0tZG5zLWNsdXN0ZXItaXAgJEs4U19DTFVTVEVSX0ROU19JUCAtLXVzZS1tYXgtcG9kcyBmYWxzZQoKLS0vLy0t",
            "vpc_security_group_ids": []
          },
          "sensitive_attributes": [],
          "private": "bnVsbA=="
        }
      ]
    },
    {
      "mode": "managed",
      "type": "aws_launch_template",
      "name": "tfer--eks-fcc3083b-10d5-a023-fdec-0a00f3afd62c",
      "provider": "provider[\"registry.terraform.io/hashicorp/aws\"]",
      "instances": [
        {
          "schema_version": 0,
          "attributes": {
            "arn": "arn:aws:ec2:ap-northeast-2:667994629779:launch-template/lt-045456a4c4b77a3c6",
            "block_device_mappings": [
              {
                "device_name": "/dev/xvda",
                "ebs": [
                  {
                    "delete_on_termination": "true",
                    "encrypted": "",
                    "iops": 0,
                    "kms_key_id": "",
                    "snapshot_id": "",
                    "throughput": 0,
                    "volume_size": 20,
                    "volume_type": "gp2"
                  }
                ],
                "no_device": "",
                "virtual_name": ""
              }
            ],
            "capacity_reservation_specification": [],
            "cpu_options": [],
            "credit_specification": [],
            "default_version": 1,
            "description": "",
            "disable_api_stop": false,
            "disable_api_termination": false,
            "ebs_optimized": "",
            "elastic_gpu_specifications": [],
            "elastic_inference_accelerator": [],
            "enclave_options": [],
            "hibernation_options": [],
            "iam_instance_profile": [
              {
                "arn": "",
                "name": "eks-fcc3083b-10d5-a023-fdec-0a00f3afd62c"
              }
            ],
            "id": "lt-045456a4c4b77a3c6",
            "image_id": "ami-085514de289e14cb5",
            "instance_initiated_shutdown_behavior": "",
            "instance_market_options": [],
            "instance_requirements": [],
            "instance_type": "t3a.medium",
            "kernel_id": "",
            "key_name": "",
            "latest_version": 4,
            "license_specification": [],
            "maintenance_options": [],
            "metadata_options": [
              {
                "http_endpoint": "",
                "http_protocol_ipv6": "disabled",
                "http_put_response_hop_limit": 0,
                "http_tokens": "",
                "instance_metadata_tags": ""
              }
            ],
            "monitoring": [],
            "name": "eks-fcc3083b-10d5-a023-fdec-0a00f3afd62c",
            "name_prefix": "",
            "network_interfaces": [
              {
                "associate_carrier_ip_address": "",
                "associate_public_ip_address": "",
                "delete_on_termination": "",
                "description": "",
                "device_index": 0,
                "interface_type": "",
                "ipv4_address_count": 0,
                "ipv4_addresses": [],
                "ipv4_prefix_count": 0,
                "ipv4_prefixes": [],
                "ipv6_address_count": 0,
                "ipv6_addresses": [],
                "ipv6_prefix_count": 0,
                "ipv6_prefixes": [],
                "network_card_index": 0,
                "network_interface_id": "",
                "private_ip_address": "",
                "security_groups": [
                  "sg-0a23be339e58fa2b8"
                ],
                "subnet_id": ""
              }
            ],
            "placement": [],
            "private_dns_name_options": [],
            "ram_disk_id": "",
            "security_group_names": [],
            "tag_specifications": [],
            "tags": {
              "eks:cluster-name": "test-eks-cluster",
              "eks:nodegroup-name": "test-eks-nodegroup"
            },
            "tags_all": {
              "eks:cluster-name": "test-eks-cluster",
              "eks:nodegroup-name": "test-eks-nodegroup"
            },
            "update_default_version": null,
            "user_data": "TUlNRS1WZXJzaW9uOiAxLjAKQ29udGVudC1UeXBlOiBtdWx0aXBhcnQvbWl4ZWQ7IGJvdW5kYXJ5PSIvLyIKCi0tLy8KQ29udGVudC1UeXBlOiB0ZXh0L3gtc2hlbGxzY3JpcHQ7IGNoYXJzZXQ9InVzLWFzY2lpIgojIS9iaW4vYmFzaApzZXQgLWV4CkI2NF9DTFVTVEVSX0NBPUxTMHRMUzFDUlVkSlRpQkRSVkpVU1VaSlEwRlVSUzB0TFMwdENrMUpTVU0xZWtORFFXTXJaMEYzU1VKQlowbENRVVJCVGtKbmEzRm9hMmxIT1hjd1FrRlJjMFpCUkVGV1RWSk5kMFZSV1VSV1VWRkVSWGR3Y21SWFNtd0tZMjAxYkdSSFZucE5RalJZUkZSSmVrMUVTWGROYWtFd1RrUmpkMDB4YjFoRVZFMTZUVVJGZWsxRVFUQk9SR04zVFRGdmQwWlVSVlJOUWtWSFFURlZSUXBCZUUxTFlUTldhVnBZU25WYVdGSnNZM3BEUTBGVFNYZEVVVmxLUzI5YVNXaDJZMDVCVVVWQ1FsRkJSR2RuUlZCQlJFTkRRVkZ2UTJkblJVSkJUMFI1Q21GV1JXZGFibVZNVkRoeWFEUnVRa3hzZDNvMEwyRTRiSGgwYVhKTmQxQmxWVkIzWjAwNVpVMWxaVmdyYzI0NWRVNTFNakZUVEdaM1RDdDJVR2RxYlRnS1pUSTBUM1JoWjJkc1VFbzFhbEpRY1RZdldXeHBUMHBaTjFobFdVVlROSFZ3VG1kWlkyTm1jMUpGTDJwTWIxRmtTbkp1TkdObWVtTTRWVEZ0WkUxYWN3cGFWVXhuZWxGV1lYcHNjMmRhT0ROVk9HVkZUVVZVUmtablRUTkVWMkpCYkdGVmJHbHNlRXRVTjB0NU4ycFhlamxSTDBNemJrZFhTMGh1V210QmJYaGtDamxFVmxNME0ySjFlVmxKTDNsclkzRXpTMXBKT1VoalYwSldOMjVVTm1GaFExQkZlVFJQVkVSUlVUSTNSWEYwZHpBdmRGSkZVRFoxVjNKcWNuaFpkVmNLWnpkdGQxbzNkemgxYkZCQk0xSXJRM2hXVjBwU1duVk1aWHA0TjB0NVVXRlZPRlI2Tm5WWE9GVXZZMDFtTTNKaGJrWm5kVXM0Y2xKTE1qQndiR1UyZVFwVGMyUXhOa2x5VUhSWlJVcE5XR1pxVGpoalEwRjNSVUZCWVU1RFRVVkJkMFJuV1VSV1VqQlFRVkZJTDBKQlVVUkJaMHRyVFVFNFIwRXhWV1JGZDBWQ0NpOTNVVVpOUVUxQ1FXWTRkMGhSV1VSV1VqQlBRa0paUlVaQmRqWklNbk16ZFdrclNEaHFlV05aUW5WSk9FbHRha3BPTW1STlFUQkhRMU54UjFOSllqTUtSRkZGUWtOM1ZVRkJORWxDUVZGQ1VuZG5VM05uTUZwc1VrSnJXbTRyYVhCTWNVdEhLMDlFU1hoMVVEWXJjV1JZTUZCVWNFdEpWVEoxU0ZRNFNXMDNiQXBZYUZGVFFUbFpWbVJYVVNzNVMydFRXREJ2V2xKQ1ZIcDVTVzVzTlZkcU5EWk9lazlOYUZnelJtMDFjMlpOZVRKNmVFd3hZVFl6UjNwSlMxZDROMHB0Q2pBd1EwTlliMWcwVERsa2MyMUVNRXdyWlhCWllVVmFRazlWZWtJelJFTm5ZbVpZTjA5SFZtSndXRFpQWlVWdmVpdE5la1l2T0cxMVR6WnpRbEYzYW1ZS1p6aGlOazVoZVRJNU9IRnZVbkIzV1VOM04wdFhjWFZQYW5CaGJXUllhV2RDTVhkMlNXUlBObVJtYUdONFNYVkpTekp2SzFKWGNXWmhSemhWVm5WTk5nb3dlSFIzVERWblNGbFhjWFZKYkZCRGNpdFdNbEpFZFd4VFRGUnRibk5tYlhGUmRFVllRelY0VjJOdWFYbExlSFZ2WnpSTGVrd3hWak5qVDBoVVVrZDFDbVZQT1dvcldHaFJXVk5qVVU5T01EVm9TMjkxV2toeVdWWlBORGxyV0ZncmNYVjViUW90TFMwdExVVk9SQ0JEUlZKVVNVWkpRMEZVUlMwdExTMHRDZz09CkFQSV9TRVJWRVJfVVJMPWh0dHBzOi8vM0QyRTY4NEU5MjkwRDM0NTk3M0QxRDVGMTg2RjVCRjAuZ3I3LmFwLW5vcnRoZWFzdC0yLmVrcy5hbWF6b25hd3MuY29tCks4U19DTFVTVEVSX0ROU19JUD0xMC4xMDAuMC4xMAovZXRjL2Vrcy9ib290c3RyYXAuc2ggdGVzdC1la3MtY2x1c3RlciAtLWt1YmVsZXQtZXh0cmEtYXJncyAnLS1ub2RlLWxhYmVscz1la3MuYW1hem9uYXdzLmNvbS9ub2RlZ3JvdXAtaW1hZ2U9YW1pLTA4NTUxNGRlMjg5ZTE0Y2I1LGVrcy5hbWF6b25hd3MuY29tL2NhcGFjaXR5VHlwZT1PTl9ERU1BTkQsZWtzLmFtYXpvbmF3cy5jb20vbm9kZWdyb3VwPXRlc3QtZWtzLW5vZGVncm91cCxyb2xlPWVrcy1ub2RlZ3JvdXAgLS1tYXgtcG9kcz0xNycgLS1iNjQtY2x1c3Rlci1jYSAkQjY0X0NMVVNURVJfQ0EgLS1hcGlzZXJ2ZXItZW5kcG9pbnQgJEFQSV9TRVJWRVJfVVJMIC0tZG5zLWNsdXN0ZXItaXAgJEs4U19DTFVTVEVSX0ROU19JUCAtLXVzZS1tYXgtcG9kcyBmYWxzZQoKLS0vLy0t",
            "vpc_security_group_ids": []
          },
          "sensitive_attributes": [],
          "private": "bnVsbA=="
        }
      ]
    },
    {
      "mode": "managed",
      "type": "aws_main_route_table_association",
      "name": "tfer--vpc-04623bbd67846e1f2",
      "provider": "provider[\"registry.terraform.io/-/aws\"]",
      "instances": [
        {
          "schema_version": 0,
          "attributes_flat": {
            "id": "rtbassoc-0448fca66b5c79d0b",
            "route_table_id": "rtb-00e44179552178e42",
            "vpc_id": "vpc-04623bbd67846e1f2"
          },
          "sensitive_attributes": []
        }
      ]
    },
    {
      "mode": "managed",
      "type": "aws_route_table",
      "name": "tfer--rtb-08982bbb172cbb507",
      "provider": "provider[\"registry.terraform.io/-/aws\"]",
      "instances": [
        {
          "schema_version": 0,
          "attributes_flat": {
            "arn": "arn:aws:ec2:ap-northeast-2:667994629779:route-table/rtb-08982bbb172cbb507",
            "id": "rtb-08982bbb172cbb507",
            "owner_id": "667994629779",
            "propagating_vgws.#": "0",
            "route.#": "1",
            "route.0.carrier_gateway_id": "",
            "route.0.cidr_block": "0.0.0.0/0",
            "route.0.core_network_arn": "",
            "route.0.destination_prefix_list_id": "",
            "route.0.egress_only_gateway_id": "",
            "route.0.gateway_id": "igw-030a1176b5bea64b5",
            "route.0.instance_id": "",
            "route.0.ipv6_cidr_block": "",
            "route.0.local_gateway_id": "",
            "route.0.nat_gateway_id": "",
            "route.0.network_interface_id": "",
            "route.0.transit_gateway_id": "",
            "route.0.vpc_endpoint_id": "",
            "route.0.vpc_peering_connection_id": "",
            "tags.%": "1",
            "tags.Name": "public-subnet3-routing",
            "tags_all.%": "1",
            "tags_all.Name": "public-subnet3-routing",
            "vpc_id": "vpc-04623bbd67846e1f2"
          },
          "sensitive_attributes": []
        }
      ]
    },
    {
      "mode": "managed",
      "type": "aws_route_table",
      "name": "tfer--rtb-0b5528c96591c50d7",
      "provider": "provider[\"registry.terraform.io/-/aws\"]",
      "instances": [
        {
          "schema_version": 0,
          "attributes_flat": {
            "arn": "arn:aws:ec2:ap-northeast-2:667994629779:route-table/rtb-0b5528c96591c50d7",
            "id": "rtb-0b5528c96591c50d7",
            "owner_id": "667994629779",
            "propagating_vgws.#": "0",
            "route.#": "1",
            "route.0.carrier_gateway_id": "",
            "route.0.cidr_block": "0.0.0.0/0",
            "route.0.core_network_arn": "",
            "route.0.destination_prefix_list_id": "",
            "route.0.egress_only_gateway_id": "",
            "route.0.gateway_id": "igw-030a1176b5bea64b5",
            "route.0.instance_id": "",
            "route.0.ipv6_cidr_block": "",
            "route.0.local_gateway_id": "",
            "route.0.nat_gateway_id": "",
            "route.0.network_interface_id": "",
            "route.0.transit_gateway_id": "",
            "route.0.vpc_endpoint_id": "",
            "route.0.vpc_peering_connection_id": "",
            "tags.%": "1",
            "tags.Name": "public-subnet1-routing",
            "tags_all.%": "1",
            "tags_all.Name": "public-subnet1-routing",
            "vpc_id": "vpc-04623bbd67846e1f2"
          },
          "sensitive_attributes": []
        }
      ]
    },
    {
      "mode": "managed",
      "type": "aws_route_table_association",
      "name": "tfer--subnet-0453ecb84ca59bd5e",
      "provider": "provider[\"registry.terraform.io/-/aws\"]",
      "instances": [
        {
          "schema_version": 0,
          "attributes_flat": {
            "gateway_id": "",
            "id": "rtbassoc-050b801ed0382aaa1",
            "route_table_id": "rtb-0b5528c96591c50d7",
            "subnet_id": "subnet-0453ecb84ca59bd5e"
          },
          "sensitive_attributes": []
        }
      ]
    },
    {
      "mode": "managed",
      "type": "aws_route_table_association",
      "name": "tfer--subnet-0b58d1adb0e630c50",
      "provider": "provider[\"registry.terraform.io/-/aws\"]",
      "instances": [
        {
          "schema_version": 0,
          "attributes_flat": {
            "gateway_id": "",
            "id": "rtbassoc-0e573a6ac08125d00",
            "route_table_id": "rtb-08982bbb172cbb507",
            "subnet_id": "subnet-0b58d1adb0e630c50"
          },
          "sensitive_attributes": []
        }
      ]
    },
    {
      "mode": "managed",
      "type": "aws_security_group",
      "name": "test-sg-eks-cluster",
      "provider": "provider[\"registry.terraform.io/hashicorp/aws\"]",
      "instances": [
        {
          "schema_version": 1,
          "attributes": {
            "arn": "arn:aws:ec2:ap-northeast-2:667994629779:security-group/sg-04a49a0a388a49dff",
            "description": "security_group for test-eks-cluster",
            "egress": [
              {
                "cidr_blocks": [
                  "0.0.0.0/0"
                ],
                "description": "egress security_group_rule for test-eks-cluster",
                "from_port": 0,
                "ipv6_cidr_blocks": [],
                "prefix_list_ids": [],
                "protocol": "-1",
                "security_groups": [],
                "self": false,
                "to_port": 0
              }
            ],
            "id": "sg-04a49a0a388a49dff",
            "ingress": [
              {
                "cidr_blocks": [
                  "0.0.0.0/0"
                ],
                "description": "ingress security_group_rule for test-eks-cluster",
                "from_port": 0,
                "ipv6_cidr_blocks": [],
                "prefix_list_ids": [],
                "protocol": "-1",
                "security_groups": [],
                "self": false,
                "to_port": 0
              }
            ],
            "name": "test-sg-eks-cluster",
            "name_prefix": "",
            "owner_id": "667994629779",
            "revoke_rules_on_delete": false,
            "tags": {
              "Name": "test-sg-eks-cluster"
            },
            "tags_all": {
              "Name": "test-sg-eks-cluster"
            },
            "timeouts": null,
            "vpc_id": "vpc-04623bbd67846e1f2"
          },
          "sensitive_attributes": [],
          "private": "eyJlMmJmYjczMC1lY2FhLTExZTYtOGY4OC0zNDM2M2JjN2M0YzAiOnsiY3JlYXRlIjo2MDAwMDAwMDAwMDAsImRlbGV0ZSI6OTAwMDAwMDAwMDAwfSwic2NoZW1hX3ZlcnNpb24iOiIxIn0="
        }
      ]
    },
    {
      "mode": "managed",
      "type": "aws_security_group_rule",
      "name": "test-sg-eks-cluster-egress",
      "provider": "provider[\"registry.terraform.io/hashicorp/aws\"]",
      "instances": [
        {
          "schema_version": 2,
          "attributes": {
            "cidr_blocks": [
              "0.0.0.0/0"
            ],
            "description": "egress security_group_rule for test-eks-cluster",
            "from_port": 0,
            "id": "sgrule-3643405068",
            "ipv6_cidr_blocks": null,
            "prefix_list_ids": null,
            "protocol": "-1",
            "security_group_id": "sg-04a49a0a388a49dff",
            "security_group_rule_id": "sgr-09e83001cb15346c2",
            "self": false,
            "source_security_group_id": null,
            "timeouts": null,
            "to_port": 0,
            "type": "egress"
          },
          "sensitive_attributes": [],
          "private": "eyJlMmJmYjczMC1lY2FhLTExZTYtOGY4OC0zNDM2M2JjN2M0YzAiOnsiY3JlYXRlIjozMDAwMDAwMDAwMDB9LCJzY2hlbWFfdmVyc2lvbiI6IjIifQ==",
          "dependencies": [
            "aws_security_group.test-sg-eks-cluster"
          ]
        }
      ]
    },
    {
      "mode": "managed",
      "type": "aws_security_group_rule",
      "name": "test-sg-eks-cluster-ingress",
      "provider": "provider[\"registry.terraform.io/hashicorp/aws\"]",
      "instances": [
        {
          "schema_version": 2,
          "attributes": {
            "cidr_blocks": [
              "0.0.0.0/0"
            ],
            "description": "ingress security_group_rule for test-eks-cluster",
            "from_port": 0,
            "id": "sgrule-2339194508",
            "ipv6_cidr_blocks": null,
            "prefix_list_ids": null,
            "protocol": "-1",
            "security_group_id": "sg-04a49a0a388a49dff",
            "security_group_rule_id": "sgr-0596028c454ab205b",
            "self": false,
            "source_security_group_id": null,
            "timeouts": null,
            "to_port": 0,
            "type": "ingress"
          },
          "sensitive_attributes": [],
          "private": "eyJlMmJmYjczMC1lY2FhLTExZTYtOGY4OC0zNDM2M2JjN2M0YzAiOnsiY3JlYXRlIjozMDAwMDAwMDAwMDB9LCJzY2hlbWFfdmVyc2lvbiI6IjIifQ==",
          "dependencies": [
            "aws_security_group.test-sg-eks-cluster"
          ]
        }
      ]
    },
    {
      "mode": "managed",
      "type": "aws_subnet",
      "name": "tfer--subnet-0453ecb84ca59bd5e",
      "provider": "provider[\"registry.terraform.io/-/aws\"]",
      "instances": [
        {
          "schema_version": 1,
          "attributes_flat": {
            "arn": "arn:aws:ec2:ap-northeast-2:667994629779:subnet/subnet-0453ecb84ca59bd5e",
            "assign_ipv6_address_on_creation": "false",
            "availability_zone": "ap-northeast-2a",
            "availability_zone_id": "apne2-az1",
            "cidr_block": "172.31.0.0/20",
            "customer_owned_ipv4_pool": "",
            "enable_dns64": "false",
            "enable_resource_name_dns_a_record_on_launch": "false",
            "enable_resource_name_dns_aaaa_record_on_launch": "false",
            "id": "subnet-0453ecb84ca59bd5e",
            "ipv6_cidr_block": "",
            "ipv6_cidr_block_association_id": "",
            "ipv6_native": "false",
            "map_customer_owned_ip_on_launch": "false",
            "map_public_ip_on_launch": "true",
            "outpost_arn": "",
            "owner_id": "667994629779",
            "private_dns_hostname_type_on_launch": "ip-name",
            "tags.%": "2",
            "tags.Name": "public-subnet1",
            "tags.kubernetes.io/cluster/test-eks-cluster": "shared",
            "tags_all.%": "2",
            "tags_all.Name": "public-subnet1",
            "tags_all.kubernetes.io/cluster/test-eks-cluster": "shared",
            "vpc_id": "vpc-04623bbd67846e1f2"
          },
          "sensitive_attributes": []
        }
      ]
    },
    {
      "mode": "managed",
      "type": "aws_subnet",
      "name": "tfer--subnet-0b58d1adb0e630c50",
      "provider": "provider[\"registry.terraform.io/-/aws\"]",
      "instances": [
        {
          "schema_version": 1,
          "attributes_flat": {
            "arn": "arn:aws:ec2:ap-northeast-2:667994629779:subnet/subnet-0b58d1adb0e630c50",
            "assign_ipv6_address_on_creation": "false",
            "availability_zone": "ap-northeast-2c",
            "availability_zone_id": "apne2-az3",
            "cidr_block": "172.31.32.0/20",
            "customer_owned_ipv4_pool": "",
            "enable_dns64": "false",
            "enable_resource_name_dns_a_record_on_launch": "false",
            "enable_resource_name_dns_aaaa_record_on_launch": "false",
            "id": "subnet-0b58d1adb0e630c50",
            "ipv6_cidr_block": "",
            "ipv6_cidr_block_association_id": "",
            "ipv6_native": "false",
            "map_customer_owned_ip_on_launch": "false",
            "map_public_ip_on_launch": "true",
            "outpost_arn": "",
            "owner_id": "667994629779",
            "private_dns_hostname_type_on_launch": "ip-name",
            "tags.%": "2",
            "tags.Name": "public-subnet3",
            "tags.kubernetes.io/cluster/test-eks-cluster": "shared",
            "tags_all.%": "2",
            "tags_all.Name": "public-subnet3",
            "tags_all.kubernetes.io/cluster/test-eks-cluster": "shared",
            "vpc_id": "vpc-04623bbd67846e1f2"
          },
          "sensitive_attributes": []
        }
      ]
    },
    {
      "mode": "managed",
      "type": "aws_vpc",
      "name": "tfer--vpc-04623bbd67846e1f2",
      "provider": "provider[\"registry.terraform.io/-/aws\"]",
      "instances": [
        {
          "schema_version": 1,
          "attributes_flat": {
            "arn": "arn:aws:ec2:ap-northeast-2:667994629779:vpc/vpc-04623bbd67846e1f2",
            "assign_generated_ipv6_cidr_block": "false",
            "cidr_block": "172.31.0.0/16",
            "default_network_acl_id": "acl-0893f973feef05fb8",
            "default_route_table_id": "rtb-00e44179552178e42",
            "default_security_group_id": "sg-0c1702f78b7e0ab0b",
            "dhcp_options_id": "dopt-05219facd97855402",
            "enable_classiclink": "false",
            "enable_classiclink_dns_support": "false",
            "enable_dns_hostnames": "true",
            "enable_dns_support": "true",
            "enable_network_address_usage_metrics": "false",
            "id": "vpc-04623bbd67846e1f2",
            "instance_tenancy": "default",
            "ipv6_association_id": "",
            "ipv6_cidr_block": "",
            "ipv6_cidr_block_network_border_group": "",
            "ipv6_ipam_pool_id": "",
            "ipv6_netmask_length": "0",
            "main_route_table_id": "rtb-00e44179552178e42",
            "owner_id": "667994629779",
            "tags.%": "1",
            "tags.Name": "vpc",
            "tags_all.%": "1",
            "tags_all.Name": "vpc"
          },
          "sensitive_attributes": []
        }
      ]
    }
  ],
  "check_results": null
}
