{
  "version": 4,
  "terraform_version": "1.3.7",
  "serial": 6,
  "lineage": "42dee5c4-34d6-1866-60ca-b4e2181b3784",
  "outputs": {
    "aws_main_route_table_association_tfer--vpc-04623bbd67846e1f2_id": {
      "value": "rtbassoc-0448fca66b5c79d0b",
      "type": "string"
    },
    "aws_route_table_association_tfer--subnet-0453ecb84ca59bd5e_id": {
      "value": "rtbassoc-050b801ed0382aaa1",
      "type": "string"
    },
    "aws_route_table_association_tfer--subnet-0b58d1adb0e630c50_id": {
      "value": "rtbassoc-0e573a6ac08125d00",
      "type": "string"
    },
    "aws_route_table_tfer--rtb-00e44179552178e42_id": {
      "value": "rtb-00e44179552178e42",
      "type": "string"
    },
    "aws_route_table_tfer--rtb-08982bbb172cbb507_id": {
      "value": "rtb-08982bbb172cbb507",
      "type": "string"
    },
    "aws_route_table_tfer--rtb-0b5528c96591c50d7_id": {
      "value": "rtb-0b5528c96591c50d7",
      "type": "string"
    }
  },
  "resources": [
    {
      "mode": "managed",
      "type": "aws_route_table",
      "name": "tfer--rtb-00e44179552178e42",
      "provider": "provider[\"registry.terraform.io/-/aws\"]",
      "instances": [
        {
          "schema_version": 0,
          "attributes_flat": {
            "arn": "arn:aws:ec2:ap-northeast-2:667994629779:route-table/rtb-00e44179552178e42",
            "id": "rtb-00e44179552178e42",
            "owner_id": "667994629779",
            "propagating_vgws.#": "0",
            "route.#": "0",
            "tags.%": "0",
            "tags_all.%": "0",
            "vpc_id": "vpc-04623bbd67846e1f2"
          },
          "sensitive_attributes": []
        }
      ]
    }
  ],
  "check_results": null
}
